
Microsoft Visual Studio Solution File, Format Version 12.00
# Visual Studio Version 17
VisualStudioVersion = 17.14.36408.4
MinimumVisualStudioVersion = 10.0.40219.1
Project("{2150E333-8FDC-42A3-9474-1A3956D46DE8}") = "src", "src", "{B0C5D3AF-2107-4075-9B5F-82EDA15CA4E9}"
EndProject
Project("{2150E333-8FDC-42A3-9474-1A3956D46DE8}") = "tests", "tests", "{22519C04-8F12-4DE0-AC14-AB67B87A6160}"
EndProject
Project("{2150E333-8FDC-42A3-9474-1A3956D46DE8}") = "apps", "apps", "{7F492BF2-D7B2-472C-B524-7616994B4E80}"
EndProject
Project("{2150E333-8FDC-42A3-9474-1A3956D46DE8}") = "shared", "shared", "{E491F9AF-D830-45D4-83AE-5043DF1DECEF}"
EndProject
Project("{2150E333-8FDC-42A3-9474-1A3956D46DE8}") = "gateways", "gateways", "{1DC4C89E-601B-4E26-9250-CC4FA846D6FC}"
EndProject
Project("{2150E333-8FDC-42A3-9474-1A3956D46DE8}") = "clients", "clients", "{8D230720-9BC9-4FCA-80DF-82E312FCDA5D}"
EndProject
Project("{2150E333-8FDC-42A3-9474-1A3956D46DE8}") = "services", "services", "{C4A7A48F-BBD0-43AA-9BA9-0A073927FEE5}"
EndProject
Project("{2150E333-8FDC-42A3-9474-1A3956D46DE8}") = "ui", "ui", "{D2AD26C2-5D74-4454-8F92-B0CA149E34BF}"
EndProject
Project("{2150E333-8FDC-42A3-9474-1A3956D46DE8}") = "infrastructure", "infrastructure", "{8CD355C9-E9D2-430C-A6D4-7E197077E029}"
EndProject
Project("{2150E333-8FDC-42A3-9474-1A3956D46DE8}") = "core", "core", "{E822D091-79D5-4EED-AF28-8D0923B735D1}"
EndProject
Project("{2150E333-8FDC-42A3-9474-1A3956D46DE8}") = "api", "api", "{87F1F7F7-E72E-4672-98E9-120A006E462C}"
EndProject
Project("{FAE04EC0-301F-11D3-BF4B-00C04F79EFBC}") = "Shared.Kernel", "src\shared\core\Shared.Kernel\Shared.Kernel.csproj", "{4E47FD38-9963-4188-9701-5EF44D8FA4F2}"
EndProject
Project("{FAE04EC0-301F-11D3-BF4B-00C04F79EFBC}") = "Shared.Domain", "src\shared\core\Shared.Domain\Shared.Domain.csproj", "{A9101183-8036-4868-A2CB-18A666B57910}"
EndProject
Project("{2150E333-8FDC-42A3-9474-1A3956D46DE8}") = "persistence", "persistence", "{19A16BC2-FB50-4CD4-B846-6618ABE9801A}"
EndProject
Project("{FAE04EC0-301F-11D3-BF4B-00C04F79EFBC}") = "Shared.Persistence", "src\shared\persistence\Shared.Persistence\Shared.Persistence.csproj", "{CB51B6AE-DE11-44F8-A201-42B871626815}"
EndProject
Project("{FAE04EC0-301F-11D3-BF4B-00C04F79EFBC}") = "Shared.Application", "src\shared\core\Shared.Application\Shared.Application.csproj", "{0DC01334-8109-43DE-9EF6-7798BD7AE4E8}"
EndProject
Project("{2150E333-8FDC-42A3-9474-1A3956D46DE8}") = "testing", "testing", "{70226CB8-F474-45EC-8C60-B54BCCB4344C}"
EndProject
Project("{FAE04EC0-301F-11D3-BF4B-00C04F79EFBC}") = "Shared.Security", "src\shared\core\Shared.Security\Shared.Security.csproj", "{FC44A61C-45DF-429B-82D3-13CBF013C6FF}"
EndProject
Project("{2150E333-8FDC-42A3-9474-1A3956D46DE8}") = "shared", "shared", "{F51E3344-3A1A-45AA-9C0A-B76C9E324254}"
EndProject
Project("{2150E333-8FDC-42A3-9474-1A3956D46DE8}") = "common", "common", "{86593F5C-3937-4925-89FE-911965D55D4A}"
EndProject
Project("{FAE04EC0-301F-11D3-BF4B-00C04F79EFBC}") = "Common.Core", "src\common\Common.Core\Common.Core.csproj", "{72F52692-5E37-4C36-A4A4-956B21D911F8}"
EndProject
Project("{FAE04EC0-301F-11D3-BF4B-00C04F79EFBC}") = "Shared.Contracts", "src\common\Shared.Contracts\Shared.Contracts.csproj", "{3DA7AE66-5DB8-CB0C-7E88-589F01EE0F11}"
EndProject
Project("{2150E333-8FDC-42A3-9474-1A3956D46DE8}") = "unit", "unit", "{568057FD-5A30-4D3C-9584-96D64E13DF39}"
EndProject
Project("{2150E333-8FDC-42A3-9474-1A3956D46DE8}") = "integration", "integration", "{E776327A-CDA8-4C15-BAC2-737D63284A36}"
EndProject
Project("{2150E333-8FDC-42A3-9474-1A3956D46DE8}") = "e2e", "e2e", "{AEC7F1A4-E93C-4FF3-9EDC-4E7B71E7166F}"
EndProject
Project("{2150E333-8FDC-42A3-9474-1A3956D46DE8}") = "infrastructure", "infrastructure", "{2482DFF8-F2DA-4393-90C1-BB1D580FABC8}"
EndProject
Project("{2150E333-8FDC-42A3-9474-1A3956D46DE8}") = "ui", "ui", "{5CBE4E48-9519-4717-8D1D-433EAD1DCAD3}"
EndProject
Project("{FAE04EC0-301F-11D3-BF4B-00C04F79EFBC}") = "Shared.Client.Http", "src\clients\shared\infrastructure\Shared.Client.Http\Shared.Client.Http.csproj", "{BDD90F3B-DF9D-067C-2F13-29C3F83A4210}"
EndProject
Project("{2150E333-8FDC-42A3-9474-1A3956D46DE8}") = "modules", "modules", "{67C82ACF-042C-49AC-B11C-C9C0A86F3484}"
EndProject
Project("{2150E333-8FDC-42A3-9474-1A3956D46DE8}") = "wpf", "wpf", "{4EF9EE98-8703-4F62-ADD4-93F2FBFD24BE}"
EndProject
Project("{2150E333-8FDC-42A3-9474-1A3956D46DE8}") = "api", "api", "{C5A6AA8B-692B-4807-8F74-0C15660A5433}"
EndProject
Project("{2150E333-8FDC-42A3-9474-1A3956D46DE8}") = "EmployeeManagement", "EmployeeManagement", "{F8A940A7-979B-4F31-9AA0-32FD3CEBCEAC}"
EndProject
Project("{2150E333-8FDC-42A3-9474-1A3956D46DE8}") = "core", "core", "{AEA7B9A7-F783-41B5-B804-DC571FA0114A}"
EndProject
Project("{FAE04EC0-301F-11D3-BF4B-00C04F79EFBC}") = "Shared.Client.Security", "src\clients\shared\core\Shared.Client.Security\Shared.Client.Security.csproj", "{EBC295C3-7D8B-47C9-8AAE-48B55E052028}"
EndProject
Project("{2150E333-8FDC-42A3-9474-1A3956D46DE8}") = "messaging", "messaging", "{9F318144-97F8-46B8-8B8C-0720358ABD8A}"
EndProject
Project("{2150E333-8FDC-42A3-9474-1A3956D46DE8}") = "communication", "communication", "{928A01D2-711E-4A9B-B453-79F1C12D3A77}"
EndProject
Project("{2150E333-8FDC-42A3-9474-1A3956D46DE8}") = "data", "data", "{3D54ED45-B69F-47E2-9690-9E766D9BF308}"
EndProject
Project("{2150E333-8FDC-42A3-9474-1A3956D46DE8}") = "observability", "observability", "{0ABE4160-767B-418A-8A18-28069DE8E716}"
EndProject
Project("{FAE04EC0-301F-11D3-BF4B-00C04F79EFBC}") = "Shared.Validation", "src\shared\infrastructure\observability\Shared.Validation\Shared.Validation.csproj", "{4E90C238-F688-483E-18F1-E1CB2F01B811}"
EndProject
Project("{FAE04EC0-301F-11D3-BF4B-00C04F79EFBC}") = "Shared.Logging", "src\shared\infrastructure\observability\Shared.Logging\Shared.Logging.csproj", "{6023DA34-52BF-AFE5-59C3-D4B098B3A9CB}"
EndProject
Project("{2150E333-8FDC-42A3-9474-1A3956D46DE8}") = "security", "security", "{F5494148-15DE-4CEB-8617-316CCEFA07B4}"
EndProject
Project("{2150E333-8FDC-42A3-9474-1A3956D46DE8}") = "utilities", "utilities", "{75886A28-9C12-483D-A34D-63346581A4CE}"
EndProject
Project("{2150E333-8FDC-42A3-9474-1A3956D46DE8}") = "ReferenceData", "ReferenceData", "{737B0243-916E-4769-B884-6A56FEAF6FF0}"
EndProject
Project("{FAE04EC0-301F-11D3-BF4B-00C04F79EFBC}") = "NorthwindPlatform.Wpf.Shell", "src\apps\NorthwindPlatform.Wpf.Shell\NorthwindPlatform.Wpf.Shell.csproj", "{FA967A45-A2AA-9E0D-3D82-A60E6774726D}"
EndProject
Project("{FAE04EC0-301F-11D3-BF4B-00C04F79EFBC}") = "Clients.Authentication", "src\clients\api\Clients.Authentication\Clients.Authentication.csproj", "{B128EB48-A5FC-6461-CADF-0B9249DEFBD1}"
EndProject
Project("{FAE04EC0-301F-11D3-BF4B-00C04F79EFBC}") = "Clients.UserManagement", "src\clients\api\Clients.UserManagement\Clients.UserManagement.csproj", "{DD1B0987-D760-9ABC-C662-47FD03FBAFAC}"
EndProject
Project("{FAE04EC0-301F-11D3-BF4B-00C04F79EFBC}") = "NorthwindPlatform.Modules.Authentication.Wpf", "src\clients\modules\wpf\NorthwindPlatform.Modules.Authentication.Wpf\NorthwindPlatform.Modules.Authentication.Wpf.csproj", "{B6A7686F-FF48-2C74-5DB6-4DD7310375C5}"
EndProject
Project("{FAE04EC0-301F-11D3-BF4B-00C04F79EFBC}") = "Shared.UI.Core", "src\clients\shared\ui\Shared.UI.Core\Shared.UI.Core.csproj", "{89AA0FFB-4531-9626-1626-EDB8A9CF6811}"
EndProject
Project("{FAE04EC0-301F-11D3-BF4B-00C04F79EFBC}") = "Shared.UI.Maui", "src\clients\shared\ui\Shared.UI.Maui\Shared.UI.Maui.csproj", "{4A2BBA89-4B08-8D39-0595-4ECA66B30AC7}"
EndProject
Project("{FAE04EC0-301F-11D3-BF4B-00C04F79EFBC}") = "Shared.UI.Wpf", "src\clients\shared\ui\Shared.UI.Wpf\Shared.UI.Wpf.csproj", "{443561E3-989F-9FB3-B0E9-ACE46C3F2C3A}"
EndProject
Global
	GlobalSection(SolutionConfigurationPlatforms) = preSolution
		Debug|Any CPU = Debug|Any CPU
		Release|Any CPU = Release|Any CPU
	EndGlobalSection
	GlobalSection(ProjectConfigurationPlatforms) = postSolution
		{4E47FD38-9963-4188-9701-5EF44D8FA4F2}.Debug|Any CPU.ActiveCfg = Debug|Any CPU
		{4E47FD38-9963-4188-9701-5EF44D8FA4F2}.Debug|Any CPU.Build.0 = Debug|Any CPU
		{4E47FD38-9963-4188-9701-5EF44D8FA4F2}.Release|Any CPU.ActiveCfg = Release|Any CPU
		{4E47FD38-9963-4188-9701-5EF44D8FA4F2}.Release|Any CPU.Build.0 = Release|Any CPU
		{A9101183-8036-4868-A2CB-18A666B57910}.Debug|Any CPU.ActiveCfg = Debug|Any CPU
		{A9101183-8036-4868-A2CB-18A666B57910}.Debug|Any CPU.Build.0 = Debug|Any CPU
		{A9101183-8036-4868-A2CB-18A666B57910}.Release|Any CPU.ActiveCfg = Release|Any CPU
		{A9101183-8036-4868-A2CB-18A666B57910}.Release|Any CPU.Build.0 = Release|Any CPU
		{CB51B6AE-DE11-44F8-A201-42B871626815}.Debug|Any CPU.ActiveCfg = Debug|Any CPU
		{CB51B6AE-DE11-44F8-A201-42B871626815}.Debug|Any CPU.Build.0 = Debug|Any CPU
		{CB51B6AE-DE11-44F8-A201-42B871626815}.Release|Any CPU.ActiveCfg = Release|Any CPU
		{CB51B6AE-DE11-44F8-A201-42B871626815}.Release|Any CPU.Build.0 = Release|Any CPU
		{0DC01334-8109-43DE-9EF6-7798BD7AE4E8}.Debug|Any CPU.ActiveCfg = Debug|Any CPU
		{0DC01334-8109-43DE-9EF6-7798BD7AE4E8}.Debug|Any CPU.Build.0 = Debug|Any CPU
		{0DC01334-8109-43DE-9EF6-7798BD7AE4E8}.Release|Any CPU.ActiveCfg = Release|Any CPU
		{0DC01334-8109-43DE-9EF6-7798BD7AE4E8}.Release|Any CPU.Build.0 = Release|Any CPU
		{FC44A61C-45DF-429B-82D3-13CBF013C6FF}.Debug|Any CPU.ActiveCfg = Debug|Any CPU
		{FC44A61C-45DF-429B-82D3-13CBF013C6FF}.Debug|Any CPU.Build.0 = Debug|Any CPU
		{FC44A61C-45DF-429B-82D3-13CBF013C6FF}.Release|Any CPU.ActiveCfg = Release|Any CPU
		{FC44A61C-45DF-429B-82D3-13CBF013C6FF}.Release|Any CPU.Build.0 = Release|Any CPU
		{72F52692-5E37-4C36-A4A4-956B21D911F8}.Debug|Any CPU.ActiveCfg = Debug|Any CPU
		{72F52692-5E37-4C36-A4A4-956B21D911F8}.Debug|Any CPU.Build.0 = Debug|Any CPU
		{72F52692-5E37-4C36-A4A4-956B21D911F8}.Release|Any CPU.ActiveCfg = Release|Any CPU
		{72F52692-5E37-4C36-A4A4-956B21D911F8}.Release|Any CPU.Build.0 = Release|Any CPU
		{3DA7AE66-5DB8-CB0C-7E88-589F01EE0F11}.Debug|Any CPU.ActiveCfg = Debug|Any CPU
		{3DA7AE66-5DB8-CB0C-7E88-589F01EE0F11}.Debug|Any CPU.Build.0 = Debug|Any CPU
		{3DA7AE66-5DB8-CB0C-7E88-589F01EE0F11}.Release|Any CPU.ActiveCfg = Release|Any CPU
		{3DA7AE66-5DB8-CB0C-7E88-589F01EE0F11}.Release|Any CPU.Build.0 = Release|Any CPU
		{BDD90F3B-DF9D-067C-2F13-29C3F83A4210}.Debug|Any CPU.ActiveCfg = Debug|Any CPU
		{BDD90F3B-DF9D-067C-2F13-29C3F83A4210}.Debug|Any CPU.Build.0 = Debug|Any CPU
		{BDD90F3B-DF9D-067C-2F13-29C3F83A4210}.Release|Any CPU.ActiveCfg = Release|Any CPU
		{BDD90F3B-DF9D-067C-2F13-29C3F83A4210}.Release|Any CPU.Build.0 = Release|Any CPU
		{EBC295C3-7D8B-47C9-8AAE-48B55E052028}.Debug|Any CPU.ActiveCfg = Debug|Any CPU
		{EBC295C3-7D8B-47C9-8AAE-48B55E052028}.Debug|Any CPU.Build.0 = Debug|Any CPU
		{EBC295C3-7D8B-47C9-8AAE-48B55E052028}.Release|Any CPU.ActiveCfg = Release|Any CPU
		{EBC295C3-7D8B-47C9-8AAE-48B55E052028}.Release|Any CPU.Build.0 = Release|Any CPU
		{4E90C238-F688-483E-18F1-E1CB2F01B811}.Debug|Any CPU.ActiveCfg = Debug|Any CPU
		{4E90C238-F688-483E-18F1-E1CB2F01B811}.Debug|Any CPU.Build.0 = Debug|Any CPU
		{4E90C238-F688-483E-18F1-E1CB2F01B811}.Release|Any CPU.ActiveCfg = Release|Any CPU
		{4E90C238-F688-483E-18F1-E1CB2F01B811}.Release|Any CPU.Build.0 = Release|Any CPU
		{6023DA34-52BF-AFE5-59C3-D4B098B3A9CB}.Debug|Any CPU.ActiveCfg = Debug|Any CPU
		{6023DA34-52BF-AFE5-59C3-D4B098B3A9CB}.Debug|Any CPU.Build.0 = Debug|Any CPU
		{6023DA34-52BF-AFE5-59C3-D4B098B3A9CB}.Release|Any CPU.ActiveCfg = Release|Any CPU
		{6023DA34-52BF-AFE5-59C3-D4B098B3A9CB}.Release|Any CPU.Build.0 = Release|Any CPU
		{FA967A45-A2AA-9E0D-3D82-A60E6774726D}.Debug|Any CPU.ActiveCfg = Debug|Any CPU
		{FA967A45-A2AA-9E0D-3D82-A60E6774726D}.Debug|Any CPU.Build.0 = Debug|Any CPU
		{FA967A45-A2AA-9E0D-3D82-A60E6774726D}.Release|Any CPU.ActiveCfg = Release|Any CPU
		{FA967A45-A2AA-9E0D-3D82-A60E6774726D}.Release|Any CPU.Build.0 = Release|Any CPU
		{B128EB48-A5FC-6461-CADF-0B9249DEFBD1}.Debug|Any CPU.ActiveCfg = Debug|Any CPU
		{B128EB48-A5FC-6461-CADF-0B9249DEFBD1}.Debug|Any CPU.Build.0 = Debug|Any CPU
		{B128EB48-A5FC-6461-CADF-0B9249DEFBD1}.Release|Any CPU.ActiveCfg = Release|Any CPU
		{B128EB48-A5FC-6461-CADF-0B9249DEFBD1}.Release|Any CPU.Build.0 = Release|Any CPU
		{DD1B0987-D760-9ABC-C662-47FD03FBAFAC}.Debug|Any CPU.ActiveCfg = Debug|Any CPU
		{DD1B0987-D760-9ABC-C662-47FD03FBAFAC}.Debug|Any CPU.Build.0 = Debug|Any CPU
		{DD1B0987-D760-9ABC-C662-47FD03FBAFAC}.Release|Any CPU.ActiveCfg = Release|Any CPU
		{DD1B0987-D760-9ABC-C662-47FD03FBAFAC}.Release|Any CPU.Build.0 = Release|Any CPU
		{B6A7686F-FF48-2C74-5DB6-4DD7310375C5}.Debug|Any CPU.ActiveCfg = Debug|Any CPU
		{B6A7686F-FF48-2C74-5DB6-4DD7310375C5}.Debug|Any CPU.Build.0 = Debug|Any CPU
		{B6A7686F-FF48-2C74-5DB6-4DD7310375C5}.Release|Any CPU.ActiveCfg = Release|Any CPU
		{B6A7686F-FF48-2C74-5DB6-4DD7310375C5}.Release|Any CPU.Build.0 = Release|Any CPU
		{89AA0FFB-4531-9626-1626-EDB8A9CF6811}.Debug|Any CPU.ActiveCfg = Debug|Any CPU
		{89AA0FFB-4531-9626-1626-EDB8A9CF6811}.Debug|Any CPU.Build.0 = Debug|Any CPU
		{89AA0FFB-4531-9626-1626-EDB8A9CF6811}.Release|Any CPU.ActiveCfg = Release|Any CPU
		{89AA0FFB-4531-9626-1626-EDB8A9CF6811}.Release|Any CPU.Build.0 = Release|Any CPU
		{4A2BBA89-4B08-8D39-0595-4ECA66B30AC7}.Debug|Any CPU.ActiveCfg = Debug|Any CPU
		{4A2BBA89-4B08-8D39-0595-4ECA66B30AC7}.Debug|Any CPU.Build.0 = Debug|Any CPU
		{4A2BBA89-4B08-8D39-0595-4ECA66B30AC7}.Release|Any CPU.ActiveCfg = Release|Any CPU
		{4A2BBA89-4B08-8D39-0595-4ECA66B30AC7}.Release|Any CPU.Build.0 = Release|Any CPU
		{443561E3-989F-9FB3-B0E9-ACE46C3F2C3A}.Debug|Any CPU.ActiveCfg = Debug|Any CPU
		{443561E3-989F-9FB3-B0E9-ACE46C3F2C3A}.Debug|Any CPU.Build.0 = Debug|Any CPU
		{443561E3-989F-9FB3-B0E9-ACE46C3F2C3A}.Release|Any CPU.ActiveCfg = Release|Any CPU
		{443561E3-989F-9FB3-B0E9-ACE46C3F2C3A}.Release|Any CPU.Build.0 = Release|Any CPU
	EndGlobalSection
	GlobalSection(SolutionProperties) = preSolution
		HideSolutionNode = FALSE
	EndGlobalSection
	GlobalSection(NestedProjects) = preSolution
		{7F492BF2-D7B2-472C-B524-7616994B4E80} = {B0C5D3AF-2107-4075-9B5F-82EDA15CA4E9}
		{E491F9AF-D830-45D4-83AE-5043DF1DECEF} = {B0C5D3AF-2107-4075-9B5F-82EDA15CA4E9}
		{1DC4C89E-601B-4E26-9250-CC4FA846D6FC} = {B0C5D3AF-2107-4075-9B5F-82EDA15CA4E9}
		{8D230720-9BC9-4FCA-80DF-82E312FCDA5D} = {B0C5D3AF-2107-4075-9B5F-82EDA15CA4E9}
		{C4A7A48F-BBD0-43AA-9BA9-0A073927FEE5} = {B0C5D3AF-2107-4075-9B5F-82EDA15CA4E9}
		{D2AD26C2-5D74-4454-8F92-B0CA149E34BF} = {E491F9AF-D830-45D4-83AE-5043DF1DECEF}
		{8CD355C9-E9D2-430C-A6D4-7E197077E029} = {E491F9AF-D830-45D4-83AE-5043DF1DECEF}
		{E822D091-79D5-4EED-AF28-8D0923B735D1} = {E491F9AF-D830-45D4-83AE-5043DF1DECEF}
		{87F1F7F7-E72E-4672-98E9-120A006E462C} = {E491F9AF-D830-45D4-83AE-5043DF1DECEF}
		{4E47FD38-9963-4188-9701-5EF44D8FA4F2} = {E822D091-79D5-4EED-AF28-8D0923B735D1}
		{A9101183-8036-4868-A2CB-18A666B57910} = {E822D091-79D5-4EED-AF28-8D0923B735D1}
		{19A16BC2-FB50-4CD4-B846-6618ABE9801A} = {E491F9AF-D830-45D4-83AE-5043DF1DECEF}
		{CB51B6AE-DE11-44F8-A201-42B871626815} = {19A16BC2-FB50-4CD4-B846-6618ABE9801A}
		{0DC01334-8109-43DE-9EF6-7798BD7AE4E8} = {E822D091-79D5-4EED-AF28-8D0923B735D1}
		{70226CB8-F474-45EC-8C60-B54BCCB4344C} = {E491F9AF-D830-45D4-83AE-5043DF1DECEF}
		{FC44A61C-45DF-429B-82D3-13CBF013C6FF} = {E822D091-79D5-4EED-AF28-8D0923B735D1}
		{F51E3344-3A1A-45AA-9C0A-B76C9E324254} = {8D230720-9BC9-4FCA-80DF-82E312FCDA5D}
		{86593F5C-3937-4925-89FE-911965D55D4A} = {B0C5D3AF-2107-4075-9B5F-82EDA15CA4E9}
		{72F52692-5E37-4C36-A4A4-956B21D911F8} = {86593F5C-3937-4925-89FE-911965D55D4A}
		{3DA7AE66-5DB8-CB0C-7E88-589F01EE0F11} = {86593F5C-3937-4925-89FE-911965D55D4A}
		{568057FD-5A30-4D3C-9584-96D64E13DF39} = {22519C04-8F12-4DE0-AC14-AB67B87A6160}
		{E776327A-CDA8-4C15-BAC2-737D63284A36} = {22519C04-8F12-4DE0-AC14-AB67B87A6160}
		{AEC7F1A4-E93C-4FF3-9EDC-4E7B71E7166F} = {22519C04-8F12-4DE0-AC14-AB67B87A6160}
		{2482DFF8-F2DA-4393-90C1-BB1D580FABC8} = {F51E3344-3A1A-45AA-9C0A-B76C9E324254}
		{5CBE4E48-9519-4717-8D1D-433EAD1DCAD3} = {F51E3344-3A1A-45AA-9C0A-B76C9E324254}
		{BDD90F3B-DF9D-067C-2F13-29C3F83A4210} = {2482DFF8-F2DA-4393-90C1-BB1D580FABC8}
		{67C82ACF-042C-49AC-B11C-C9C0A86F3484} = {8D230720-9BC9-4FCA-80DF-82E312FCDA5D}
		{4EF9EE98-8703-4F62-ADD4-93F2FBFD24BE} = {67C82ACF-042C-49AC-B11C-C9C0A86F3484}
		{C5A6AA8B-692B-4807-8F74-0C15660A5433} = {8D230720-9BC9-4FCA-80DF-82E312FCDA5D}
		{F8A940A7-979B-4F31-9AA0-32FD3CEBCEAC} = {C4A7A48F-BBD0-43AA-9BA9-0A073927FEE5}
		{AEA7B9A7-F783-41B5-B804-DC571FA0114A} = {F51E3344-3A1A-45AA-9C0A-B76C9E324254}
		{EBC295C3-7D8B-47C9-8AAE-48B55E052028} = {AEA7B9A7-F783-41B5-B804-DC571FA0114A}
		{9F318144-97F8-46B8-8B8C-0720358ABD8A} = {E491F9AF-D830-45D4-83AE-5043DF1DECEF}
		{928A01D2-711E-4A9B-B453-79F1C12D3A77} = {8CD355C9-E9D2-430C-A6D4-7E197077E029}
		{3D54ED45-B69F-47E2-9690-9E766D9BF308} = {8CD355C9-E9D2-430C-A6D4-7E197077E029}
		{0ABE4160-767B-418A-8A18-28069DE8E716} = {8CD355C9-E9D2-430C-A6D4-7E197077E029}
		{4E90C238-F688-483E-18F1-E1CB2F01B811} = {0ABE4160-767B-418A-8A18-28069DE8E716}
		{6023DA34-52BF-AFE5-59C3-D4B098B3A9CB} = {0ABE4160-767B-418A-8A18-28069DE8E716}
		{F5494148-15DE-4CEB-8617-316CCEFA07B4} = {8CD355C9-E9D2-430C-A6D4-7E197077E029}
		{75886A28-9C12-483D-A34D-63346581A4CE} = {8CD355C9-E9D2-430C-A6D4-7E197077E029}
		{737B0243-916E-4769-B884-6A56FEAF6FF0} = {C4A7A48F-BBD0-43AA-9BA9-0A073927FEE5}
		{FA967A45-A2AA-9E0D-3D82-A60E6774726D} = {7F492BF2-D7B2-472C-B524-7616994B4E80}
		{B128EB48-A5FC-6461-CADF-0B9249DEFBD1} = {C5A6AA8B-692B-4807-8F74-0C15660A5433}
		{DD1B0987-D760-9ABC-C662-47FD03FBAFAC} = {C5A6AA8B-692B-4807-8F74-0C15660A5433}
		{B6A7686F-FF48-2C74-5DB6-4DD7310375C5} = {4EF9EE98-8703-4F62-ADD4-93F2FBFD24BE}
		{89AA0FFB-4531-9626-1626-EDB8A9CF6811} = {5CBE4E48-9519-4717-8D1D-433EAD1DCAD3}
		{4A2BBA89-4B08-8D39-0595-4ECA66B30AC7} = {5CBE4E48-9519-4717-8D1D-433EAD1DCAD3}
		{443561E3-989F-9FB3-B0E9-ACE46C3F2C3A} = {5CBE4E48-9519-4717-8D1D-433EAD1DCAD3}
	EndGlobalSection
	GlobalSection(ExtensibilityGlobals) = postSolution
		SolutionGuid = {20D241C4-B1D8-4432-BB01-1F865D7402E4}
	EndGlobalSection
EndGlobal
