
Microsoft Visual Studio Solution File, Format Version 12.00
# Visual Studio Version 18
VisualStudioVersion = 18.1.11312.151
MinimumVisualStudioVersion = 10.0.40219.1
Project("{2150E333-8FDC-42A3-9474-1A3956D46DE8}") = "src", "src", "{B0C5D3AF-2107-4075-9B5F-82EDA15CA4E9}"
EndProject
Project("{2150E333-8FDC-42A3-9474-1A3956D46DE8}") = "apps", "apps", "{7F492BF2-D7B2-472C-B524-7616994B4E80}"
EndProject
Project("{2150E333-8FDC-42A3-9474-1A3956D46DE8}") = "shared", "shared", "{E491F9AF-D830-45D4-83AE-5043DF1DECEF}"
EndProject
Project("{2150E333-8FDC-42A3-9474-1A3956D46DE8}") = "clients", "clients", "{8D230720-9BC9-4FCA-80DF-82E312FCDA5D}"
EndProject
Project("{2150E333-8FDC-42A3-9474-1A3956D46DE8}") = "infrastructure", "infrastructure", "{8CD355C9-E9D2-430C-A6D4-7E197077E029}"
EndProject
Project("{2150E333-8FDC-42A3-9474-1A3956D46DE8}") = "core", "core", "{E822D091-79D5-4EED-AF28-8D0923B735D1}"
EndProject
Project("{FAE04EC0-301F-11D3-BF4B-00C04F79EFBC}") = "Shared.Kernel", "src\shared\core\Shared.Kernel\Shared.Kernel.csproj", "{4E47FD38-9963-4188-9701-5EF44D8FA4F2}"
EndProject
Project("{FAE04EC0-301F-11D3-BF4B-00C04F79EFBC}") = "Shared.Domain", "src\shared\core\Shared.Domain\Shared.Domain.csproj", "{A9101183-8036-4868-A2CB-18A666B57910}"
EndProject
Project("{2150E333-8FDC-42A3-9474-1A3956D46DE8}") = "persistence", "persistence", "{19A16BC2-FB50-4CD4-B846-6618ABE9801A}"
EndProject
Project("{FAE04EC0-301F-11D3-BF4B-00C04F79EFBC}") = "Shared.Persistence", "src\shared\persistence\Shared.Persistence\Shared.Persistence.csproj", "{CB51B6AE-DE11-44F8-A201-42B871626815}"
EndProject
Project("{FAE04EC0-301F-11D3-BF4B-00C04F79EFBC}") = "Shared.Application", "src\shared\core\Shared.Application\Shared.Application.csproj", "{0DC01334-8109-43DE-9EF6-7798BD7AE4E8}"
EndProject
Project("{FAE04EC0-301F-11D3-BF4B-00C04F79EFBC}") = "Shared.Security", "src\shared\core\Shared.Security\Shared.Security.csproj", "{FC44A61C-45DF-429B-82D3-13CBF013C6FF}"
EndProject
Project("{2150E333-8FDC-42A3-9474-1A3956D46DE8}") = "shared", "shared", "{F51E3344-3A1A-45AA-9C0A-B76C9E324254}"
EndProject
Project("{2150E333-8FDC-42A3-9474-1A3956D46DE8}") = "common", "common", "{86593F5C-3937-4925-89FE-911965D55D4A}"
EndProject
Project("{FAE04EC0-301F-11D3-BF4B-00C04F79EFBC}") = "Common.Core", "src\common\Common.Core\Common.Core.csproj", "{72F52692-5E37-4C36-A4A4-956B21D911F8}"
EndProject
Project("{FAE04EC0-301F-11D3-BF4B-00C04F79EFBC}") = "Shared.Contracts", "src\common\Shared.Contracts\Shared.Contracts.csproj", "{3DA7AE66-5DB8-CB0C-7E88-589F01EE0F11}"
EndProject
Project("{2150E333-8FDC-42A3-9474-1A3956D46DE8}") = "infrastructure", "infrastructure", "{2482DFF8-F2DA-4393-90C1-BB1D580FABC8}"
EndProject
Project("{2150E333-8FDC-42A3-9474-1A3956D46DE8}") = "ui", "ui", "{5CBE4E48-9519-4717-8D1D-433EAD1DCAD3}"
EndProject
Project("{FAE04EC0-301F-11D3-BF4B-00C04F79EFBC}") = "Shared.Client.Http", "src\clients\shared\infrastructure\Shared.Client.Http\Shared.Client.Http.csproj", "{BDD90F3B-DF9D-067C-2F13-29C3F83A4210}"
EndProject
Project("{2150E333-8FDC-42A3-9474-1A3956D46DE8}") = "modules", "modules", "{67C82ACF-042C-49AC-B11C-C9C0A86F3484}"
EndProject
Project("{2150E333-8FDC-42A3-9474-1A3956D46DE8}") = "wpf", "wpf", "{4EF9EE98-8703-4F62-ADD4-93F2FBFD24BE}"
EndProject
Project("{2150E333-8FDC-42A3-9474-1A3956D46DE8}") = "api", "api", "{C5A6AA8B-692B-4807-8F74-0C15660A5433}"
EndProject
Project("{2150E333-8FDC-42A3-9474-1A3956D46DE8}") = "core", "core", "{AEA7B9A7-F783-41B5-B804-DC571FA0114A}"
EndProject
Project("{FAE04EC0-301F-11D3-BF4B-00C04F79EFBC}") = "Shared.Client.Security", "src\clients\shared\core\Shared.Client.Security\Shared.Client.Security.csproj", "{EBC295C3-7D8B-47C9-8AAE-48B55E052028}"
EndProject
Project("{2150E333-8FDC-42A3-9474-1A3956D46DE8}") = "observability", "observability", "{0ABE4160-767B-418A-8A18-28069DE8E716}"
EndProject
Project("{FAE04EC0-301F-11D3-BF4B-00C04F79EFBC}") = "Shared.Validation", "src\shared\infrastructure\observability\Shared.Validation\Shared.Validation.csproj", "{4E90C238-F688-483E-18F1-E1CB2F01B811}"
EndProject
Project("{FAE04EC0-301F-11D3-BF4B-00C04F79EFBC}") = "Shared.Logging", "src\shared\infrastructure\observability\Shared.Logging\Shared.Logging.csproj", "{6023DA34-52BF-AFE5-59C3-D4B098B3A9CB}"
EndProject
Project("{FAE04EC0-301F-11D3-BF4B-00C04F79EFBC}") = "NorthwindPlatform.Wpf.Shell", "src\apps\desktop\NorthwindPlatform.Wpf.Shell\NorthwindPlatform.Wpf.Shell.csproj", "{FA967A45-A2AA-9E0D-3D82-A60E6774726D}"
EndProject
Project("{FAE04EC0-301F-11D3-BF4B-00C04F79EFBC}") = "NorthwindPlatform.Modules.Authentication.Wpf", "src\clients\modules\wpf\NorthwindPlatform.Modules.Authentication.Wpf\NorthwindPlatform.Modules.Authentication.Wpf.csproj", "{B6A7686F-FF48-2C74-5DB6-4DD7310375C5}"
EndProject
Project("{FAE04EC0-301F-11D3-BF4B-00C04F79EFBC}") = "Shared.UI.Core", "src\clients\shared\ui\Shared.UI.Core\Shared.UI.Core.csproj", "{89AA0FFB-4531-9626-1626-EDB8A9CF6811}"
EndProject
Project("{FAE04EC0-301F-11D3-BF4B-00C04F79EFBC}") = "Shared.UI.Wpf", "src\clients\shared\ui\Shared.UI.Wpf\Shared.UI.Wpf.csproj", "{443561E3-989F-9FB3-B0E9-ACE46C3F2C3A}"
EndProject
Project("{FAE04EC0-301F-11D3-BF4B-00C04F79EFBC}") = "NorthwindPlatform.Authentication.ApiClient", "src\clients\api\NorthwindPlatform.Authentication.ApiClient\NorthwindPlatform.Authentication.ApiClient.csproj", "{2758279C-7C29-40F6-BFD5-95270F8B8414}"
EndProject
Project("{2150E333-8FDC-42A3-9474-1A3956D46DE8}") = "bff", "bff", "{1C70DEF5-4FCA-C293-0F5C-C66A8A9A5A1F}"
EndProject
Project("{FAE04EC0-301F-11D3-BF4B-00C04F79EFBC}") = "NorthwindPlatform.Bff.Workstation", "src\apps\bff\NorthwindPlatform.Bff.Workstation\NorthwindPlatform.Bff.Workstation.csproj", "{444D0C3D-4CB5-46EE-B8D7-198A042B4CAA}"
EndProject
Project("{FAE04EC0-301F-11D3-BF4B-00C04F79EFBC}") = "NorthwindPlatform.Bff.Staff", "src\apps\bff\NorthwindPlatform.Bff.Staff\NorthwindPlatform.Bff.Staff.csproj", "{2D4FC0A4-6337-468E-8A91-76124094ADBA}"
EndProject
Project("{FAE04EC0-301F-11D3-BF4B-00C04F79EFBC}") = "NorthwindPlatform.Bff.Passenger", "src\apps\bff\NorthwindPlatform.Bff.Passenger\NorthwindPlatform.Bff.Passenger.csproj", "{8EABDBA3-FE1F-499D-81DA-B735952CDE40}"
EndProject
Global
	GlobalSection(SolutionConfigurationPlatforms) = preSolution
		Debug|Any CPU = Debug|Any CPU
		Debug|x64 = Debug|x64
		Debug|x86 = Debug|x86
		Release|Any CPU = Release|Any CPU
		Release|x64 = Release|x64
		Release|x86 = Release|x86
	EndGlobalSection
	GlobalSection(ProjectConfigurationPlatforms) = postSolution
		{4E47FD38-9963-4188-9701-5EF44D8FA4F2}.Debug|Any CPU.ActiveCfg = Debug|Any CPU
		{4E47FD38-9963-4188-9701-5EF44D8FA4F2}.Debug|Any CPU.Build.0 = Debug|Any CPU
		{4E47FD38-9963-4188-9701-5EF44D8FA4F2}.Debug|x64.ActiveCfg = Debug|Any CPU
		{4E47FD38-9963-4188-9701-5EF44D8FA4F2}.Debug|x64.Build.0 = Debug|Any CPU
		{4E47FD38-9963-4188-9701-5EF44D8FA4F2}.Debug|x86.ActiveCfg = Debug|Any CPU
		{4E47FD38-9963-4188-9701-5EF44D8FA4F2}.Debug|x86.Build.0 = Debug|Any CPU
		{4E47FD38-9963-4188-9701-5EF44D8FA4F2}.Release|Any CPU.ActiveCfg = Release|Any CPU
		{4E47FD38-9963-4188-9701-5EF44D8FA4F2}.Release|Any CPU.Build.0 = Release|Any CPU
		{4E47FD38-9963-4188-9701-5EF44D8FA4F2}.Release|x64.ActiveCfg = Release|Any CPU
		{4E47FD38-9963-4188-9701-5EF44D8FA4F2}.Release|x64.Build.0 = Release|Any CPU
		{4E47FD38-9963-4188-9701-5EF44D8FA4F2}.Release|x86.ActiveCfg = Release|Any CPU
		{4E47FD38-9963-4188-9701-5EF44D8FA4F2}.Release|x86.Build.0 = Release|Any CPU
		{A9101183-8036-4868-A2CB-18A666B57910}.Debug|Any CPU.ActiveCfg = Debug|Any CPU
		{A9101183-8036-4868-A2CB-18A666B57910}.Debug|Any CPU.Build.0 = Debug|Any CPU
		{A9101183-8036-4868-A2CB-18A666B57910}.Debug|x64.ActiveCfg = Debug|Any CPU
		{A9101183-8036-4868-A2CB-18A666B57910}.Debug|x64.Build.0 = Debug|Any CPU
		{A9101183-8036-4868-A2CB-18A666B57910}.Debug|x86.ActiveCfg = Debug|Any CPU
		{A9101183-8036-4868-A2CB-18A666B57910}.Debug|x86.Build.0 = Debug|Any CPU
		{A9101183-8036-4868-A2CB-18A666B57910}.Release|Any CPU.ActiveCfg = Release|Any CPU
		{A9101183-8036-4868-A2CB-18A666B57910}.Release|Any CPU.Build.0 = Release|Any CPU
		{A9101183-8036-4868-A2CB-18A666B57910}.Release|x64.ActiveCfg = Release|Any CPU
		{A9101183-8036-4868-A2CB-18A666B57910}.Release|x64.Build.0 = Release|Any CPU
		{A9101183-8036-4868-A2CB-18A666B57910}.Release|x86.ActiveCfg = Release|Any CPU
		{A9101183-8036-4868-A2CB-18A666B57910}.Release|x86.Build.0 = Release|Any CPU
		{CB51B6AE-DE11-44F8-A201-42B871626815}.Debug|Any CPU.ActiveCfg = Debug|Any CPU
		{CB51B6AE-DE11-44F8-A201-42B871626815}.Debug|Any CPU.Build.0 = Debug|Any CPU
		{CB51B6AE-DE11-44F8-A201-42B871626815}.Debug|x64.ActiveCfg = Debug|Any CPU
		{CB51B6AE-DE11-44F8-A201-42B871626815}.Debug|x64.Build.0 = Debug|Any CPU
		{CB51B6AE-DE11-44F8-A201-42B871626815}.Debug|x86.ActiveCfg = Debug|Any CPU
		{CB51B6AE-DE11-44F8-A201-42B871626815}.Debug|x86.Build.0 = Debug|Any CPU
		{CB51B6AE-DE11-44F8-A201-42B871626815}.Release|Any CPU.ActiveCfg = Release|Any CPU
		{CB51B6AE-DE11-44F8-A201-42B871626815}.Release|Any CPU.Build.0 = Release|Any CPU
		{CB51B6AE-DE11-44F8-A201-42B871626815}.Release|x64.ActiveCfg = Release|Any CPU
		{CB51B6AE-DE11-44F8-A201-42B871626815}.Release|x64.Build.0 = Release|Any CPU
		{CB51B6AE-DE11-44F8-A201-42B871626815}.Release|x86.ActiveCfg = Release|Any CPU
		{CB51B6AE-DE11-44F8-A201-42B871626815}.Release|x86.Build.0 = Release|Any CPU
		{0DC01334-8109-43DE-9EF6-7798BD7AE4E8}.Debug|Any CPU.ActiveCfg = Debug|Any CPU
		{0DC01334-8109-43DE-9EF6-7798BD7AE4E8}.Debug|Any CPU.Build.0 = Debug|Any CPU
		{0DC01334-8109-43DE-9EF6-7798BD7AE4E8}.Debug|x64.ActiveCfg = Debug|Any CPU
		{0DC01334-8109-43DE-9EF6-7798BD7AE4E8}.Debug|x64.Build.0 = Debug|Any CPU
		{0DC01334-8109-43DE-9EF6-7798BD7AE4E8}.Debug|x86.ActiveCfg = Debug|Any CPU
		{0DC01334-8109-43DE-9EF6-7798BD7AE4E8}.Debug|x86.Build.0 = Debug|Any CPU
		{0DC01334-8109-43DE-9EF6-7798BD7AE4E8}.Release|Any CPU.ActiveCfg = Release|Any CPU
		{0DC01334-8109-43DE-9EF6-7798BD7AE4E8}.Release|Any CPU.Build.0 = Release|Any CPU
		{0DC01334-8109-43DE-9EF6-7798BD7AE4E8}.Release|x64.ActiveCfg = Release|Any CPU
		{0DC01334-8109-43DE-9EF6-7798BD7AE4E8}.Release|x64.Build.0 = Release|Any CPU
		{0DC01334-8109-43DE-9EF6-7798BD7AE4E8}.Release|x86.ActiveCfg = Release|Any CPU
		{0DC01334-8109-43DE-9EF6-7798BD7AE4E8}.Release|x86.Build.0 = Release|Any CPU
		{FC44A61C-45DF-429B-82D3-13CBF013C6FF}.Debug|Any CPU.ActiveCfg = Debug|Any CPU
		{FC44A61C-45DF-429B-82D3-13CBF013C6FF}.Debug|Any CPU.Build.0 = Debug|Any CPU
		{FC44A61C-45DF-429B-82D3-13CBF013C6FF}.Debug|x64.ActiveCfg = Debug|Any CPU
		{FC44A61C-45DF-429B-82D3-13CBF013C6FF}.Debug|x64.Build.0 = Debug|Any CPU
		{FC44A61C-45DF-429B-82D3-13CBF013C6FF}.Debug|x86.ActiveCfg = Debug|Any CPU
		{FC44A61C-45DF-429B-82D3-13CBF013C6FF}.Debug|x86.Build.0 = Debug|Any CPU
		{FC44A61C-45DF-429B-82D3-13CBF013C6FF}.Release|Any CPU.ActiveCfg = Release|Any CPU
		{FC44A61C-45DF-429B-82D3-13CBF013C6FF}.Release|Any CPU.Build.0 = Release|Any CPU
		{FC44A61C-45DF-429B-82D3-13CBF013C6FF}.Release|x64.ActiveCfg = Release|Any CPU
		{FC44A61C-45DF-429B-82D3-13CBF013C6FF}.Release|x64.Build.0 = Release|Any CPU
		{FC44A61C-45DF-429B-82D3-13CBF013C6FF}.Release|x86.ActiveCfg = Release|Any CPU
		{FC44A61C-45DF-429B-82D3-13CBF013C6FF}.Release|x86.Build.0 = Release|Any CPU
		{72F52692-5E37-4C36-A4A4-956B21D911F8}.Debug|Any CPU.ActiveCfg = Debug|Any CPU
		{72F52692-5E37-4C36-A4A4-956B21D911F8}.Debug|Any CPU.Build.0 = Debug|Any CPU
		{72F52692-5E37-4C36-A4A4-956B21D911F8}.Debug|x64.ActiveCfg = Debug|Any CPU
		{72F52692-5E37-4C36-A4A4-956B21D911F8}.Debug|x64.Build.0 = Debug|Any CPU
		{72F52692-5E37-4C36-A4A4-956B21D911F8}.Debug|x86.ActiveCfg = Debug|Any CPU
		{72F52692-5E37-4C36-A4A4-956B21D911F8}.Debug|x86.Build.0 = Debug|Any CPU
		{72F52692-5E37-4C36-A4A4-956B21D911F8}.Release|Any CPU.ActiveCfg = Release|Any CPU
		{72F52692-5E37-4C36-A4A4-956B21D911F8}.Release|Any CPU.Build.0 = Release|Any CPU
		{72F52692-5E37-4C36-A4A4-956B21D911F8}.Release|x64.ActiveCfg = Release|Any CPU
		{72F52692-5E37-4C36-A4A4-956B21D911F8}.Release|x64.Build.0 = Release|Any CPU
		{72F52692-5E37-4C36-A4A4-956B21D911F8}.Release|x86.ActiveCfg = Release|Any CPU
		{72F52692-5E37-4C36-A4A4-956B21D911F8}.Release|x86.Build.0 = Release|Any CPU
		{3DA7AE66-5DB8-CB0C-7E88-589F01EE0F11}.Debug|Any CPU.ActiveCfg = Debug|Any CPU
		{3DA7AE66-5DB8-CB0C-7E88-589F01EE0F11}.Debug|Any CPU.Build.0 = Debug|Any CPU
		{3DA7AE66-5DB8-CB0C-7E88-589F01EE0F11}.Debug|x64.ActiveCfg = Debug|Any CPU
		{3DA7AE66-5DB8-CB0C-7E88-589F01EE0F11}.Debug|x64.Build.0 = Debug|Any CPU
		{3DA7AE66-5DB8-CB0C-7E88-589F01EE0F11}.Debug|x86.ActiveCfg = Debug|Any CPU
		{3DA7AE66-5DB8-CB0C-7E88-589F01EE0F11}.Debug|x86.Build.0 = Debug|Any CPU
		{3DA7AE66-5DB8-CB0C-7E88-589F01EE0F11}.Release|Any CPU.ActiveCfg = Release|Any CPU
		{3DA7AE66-5DB8-CB0C-7E88-589F01EE0F11}.Release|Any CPU.Build.0 = Release|Any CPU
		{3DA7AE66-5DB8-CB0C-7E88-589F01EE0F11}.Release|x64.ActiveCfg = Release|Any CPU
		{3DA7AE66-5DB8-CB0C-7E88-589F01EE0F11}.Release|x64.Build.0 = Release|Any CPU
		{3DA7AE66-5DB8-CB0C-7E88-589F01EE0F11}.Release|x86.ActiveCfg = Release|Any CPU
		{3DA7AE66-5DB8-CB0C-7E88-589F01EE0F11}.Release|x86.Build.0 = Release|Any CPU
		{BDD90F3B-DF9D-067C-2F13-29C3F83A4210}.Debug|Any CPU.ActiveCfg = Debug|Any CPU
		{BDD90F3B-DF9D-067C-2F13-29C3F83A4210}.Debug|Any CPU.Build.0 = Debug|Any CPU
		{BDD90F3B-DF9D-067C-2F13-29C3F83A4210}.Debug|x64.ActiveCfg = Debug|Any CPU
		{BDD90F3B-DF9D-067C-2F13-29C3F83A4210}.Debug|x64.Build.0 = Debug|Any CPU
		{BDD90F3B-DF9D-067C-2F13-29C3F83A4210}.Debug|x86.ActiveCfg = Debug|Any CPU
		{BDD90F3B-DF9D-067C-2F13-29C3F83A4210}.Debug|x86.Build.0 = Debug|Any CPU
		{BDD90F3B-DF9D-067C-2F13-29C3F83A4210}.Release|Any CPU.ActiveCfg = Release|Any CPU
		{BDD90F3B-DF9D-067C-2F13-29C3F83A4210}.Release|Any CPU.Build.0 = Release|Any CPU
		{BDD90F3B-DF9D-067C-2F13-29C3F83A4210}.Release|x64.ActiveCfg = Release|Any CPU
		{BDD90F3B-DF9D-067C-2F13-29C3F83A4210}.Release|x64.Build.0 = Release|Any CPU
		{BDD90F3B-DF9D-067C-2F13-29C3F83A4210}.Release|x86.ActiveCfg = Release|Any CPU
		{BDD90F3B-DF9D-067C-2F13-29C3F83A4210}.Release|x86.Build.0 = Release|Any CPU
		{EBC295C3-7D8B-47C9-8AAE-48B55E052028}.Debug|Any CPU.ActiveCfg = Debug|Any CPU
		{EBC295C3-7D8B-47C9-8AAE-48B55E052028}.Debug|Any CPU.Build.0 = Debug|Any CPU
		{EBC295C3-7D8B-47C9-8AAE-48B55E052028}.Debug|x64.ActiveCfg = Debug|Any CPU
		{EBC295C3-7D8B-47C9-8AAE-48B55E052028}.Debug|x64.Build.0 = Debug|Any CPU
		{EBC295C3-7D8B-47C9-8AAE-48B55E052028}.Debug|x86.ActiveCfg = Debug|Any CPU
		{EBC295C3-7D8B-47C9-8AAE-48B55E052028}.Debug|x86.Build.0 = Debug|Any CPU
		{EBC295C3-7D8B-47C9-8AAE-48B55E052028}.Release|Any CPU.ActiveCfg = Release|Any CPU
		{EBC295C3-7D8B-47C9-8AAE-48B55E052028}.Release|Any CPU.Build.0 = Release|Any CPU
		{EBC295C3-7D8B-47C9-8AAE-48B55E052028}.Release|x64.ActiveCfg = Release|Any CPU
		{EBC295C3-7D8B-47C9-8AAE-48B55E052028}.Release|x64.Build.0 = Release|Any CPU
		{EBC295C3-7D8B-47C9-8AAE-48B55E052028}.Release|x86.ActiveCfg = Release|Any CPU
		{EBC295C3-7D8B-47C9-8AAE-48B55E052028}.Release|x86.Build.0 = Release|Any CPU
		{4E90C238-F688-483E-18F1-E1CB2F01B811}.Debug|Any CPU.ActiveCfg = Debug|Any CPU
		{4E90C238-F688-483E-18F1-E1CB2F01B811}.Debug|Any CPU.Build.0 = Debug|Any CPU
		{4E90C238-F688-483E-18F1-E1CB2F01B811}.Debug|x64.ActiveCfg = Debug|Any CPU
		{4E90C238-F688-483E-18F1-E1CB2F01B811}.Debug|x64.Build.0 = Debug|Any CPU
		{4E90C238-F688-483E-18F1-E1CB2F01B811}.Debug|x86.ActiveCfg = Debug|Any CPU
		{4E90C238-F688-483E-18F1-E1CB2F01B811}.Debug|x86.Build.0 = Debug|Any CPU
		{4E90C238-F688-483E-18F1-E1CB2F01B811}.Release|Any CPU.ActiveCfg = Release|Any CPU
		{4E90C238-F688-483E-18F1-E1CB2F01B811}.Release|Any CPU.Build.0 = Release|Any CPU
		{4E90C238-F688-483E-18F1-E1CB2F01B811}.Release|x64.ActiveCfg = Release|Any CPU
		{4E90C238-F688-483E-18F1-E1CB2F01B811}.Release|x64.Build.0 = Release|Any CPU
		{4E90C238-F688-483E-18F1-E1CB2F01B811}.Release|x86.ActiveCfg = Release|Any CPU
		{4E90C238-F688-483E-18F1-E1CB2F01B811}.Release|x86.Build.0 = Release|Any CPU
		{6023DA34-52BF-AFE5-59C3-D4B098B3A9CB}.Debug|Any CPU.ActiveCfg = Debug|Any CPU
		{6023DA34-52BF-AFE5-59C3-D4B098B3A9CB}.Debug|Any CPU.Build.0 = Debug|Any CPU
		{6023DA34-52BF-AFE5-59C3-D4B098B3A9CB}.Debug|x64.ActiveCfg = Debug|Any CPU
		{6023DA34-52BF-AFE5-59C3-D4B098B3A9CB}.Debug|x64.Build.0 = Debug|Any CPU
		{6023DA34-52BF-AFE5-59C3-D4B098B3A9CB}.Debug|x86.ActiveCfg = Debug|Any CPU
		{6023DA34-52BF-AFE5-59C3-D4B098B3A9CB}.Debug|x86.Build.0 = Debug|Any CPU
		{6023DA34-52BF-AFE5-59C3-D4B098B3A9CB}.Release|Any CPU.ActiveCfg = Release|Any CPU
		{6023DA34-52BF-AFE5-59C3-D4B098B3A9CB}.Release|Any CPU.Build.0 = Release|Any CPU
		{6023DA34-52BF-AFE5-59C3-D4B098B3A9CB}.Release|x64.ActiveCfg = Release|Any CPU
		{6023DA34-52BF-AFE5-59C3-D4B098B3A9CB}.Release|x64.Build.0 = Release|Any CPU
		{6023DA34-52BF-AFE5-59C3-D4B098B3A9CB}.Release|x86.ActiveCfg = Release|Any CPU
		{6023DA34-52BF-AFE5-59C3-D4B098B3A9CB}.Release|x86.Build.0 = Release|Any CPU
		{FA967A45-A2AA-9E0D-3D82-A60E6774726D}.Debug|Any CPU.ActiveCfg = Debug|Any CPU
		{FA967A45-A2AA-9E0D-3D82-A60E6774726D}.Debug|Any CPU.Build.0 = Debug|Any CPU
		{FA967A45-A2AA-9E0D-3D82-A60E6774726D}.Debug|x64.ActiveCfg = Debug|Any CPU
		{FA967A45-A2AA-9E0D-3D82-A60E6774726D}.Debug|x64.Build.0 = Debug|Any CPU
		{FA967A45-A2AA-9E0D-3D82-A60E6774726D}.Debug|x86.ActiveCfg = Debug|Any CPU
		{FA967A45-A2AA-9E0D-3D82-A60E6774726D}.Debug|x86.Build.0 = Debug|Any CPU
		{FA967A45-A2AA-9E0D-3D82-A60E6774726D}.Release|Any CPU.ActiveCfg = Release|Any CPU
		{FA967A45-A2AA-9E0D-3D82-A60E6774726D}.Release|Any CPU.Build.0 = Release|Any CPU
		{FA967A45-A2AA-9E0D-3D82-A60E6774726D}.Release|x64.ActiveCfg = Release|Any CPU
		{FA967A45-A2AA-9E0D-3D82-A60E6774726D}.Release|x64.Build.0 = Release|Any CPU
		{FA967A45-A2AA-9E0D-3D82-A60E6774726D}.Release|x86.ActiveCfg = Release|Any CPU
		{FA967A45-A2AA-9E0D-3D82-A60E6774726D}.Release|x86.Build.0 = Release|Any CPU
		{B6A7686F-FF48-2C74-5DB6-4DD7310375C5}.Debug|Any CPU.ActiveCfg = Debug|Any CPU
		{B6A7686F-FF48-2C74-5DB6-4DD7310375C5}.Debug|Any CPU.Build.0 = Debug|Any CPU
		{B6A7686F-FF48-2C74-5DB6-4DD7310375C5}.Debug|x64.ActiveCfg = Debug|Any CPU
		{B6A7686F-FF48-2C74-5DB6-4DD7310375C5}.Debug|x64.Build.0 = Debug|Any CPU
		{B6A7686F-FF48-2C74-5DB6-4DD7310375C5}.Debug|x86.ActiveCfg = Debug|Any CPU
		{B6A7686F-FF48-2C74-5DB6-4DD7310375C5}.Debug|x86.Build.0 = Debug|Any CPU
		{B6A7686F-FF48-2C74-5DB6-4DD7310375C5}.Release|Any CPU.ActiveCfg = Release|Any CPU
		{B6A7686F-FF48-2C74-5DB6-4DD7310375C5}.Release|Any CPU.Build.0 = Release|Any CPU
		{B6A7686F-FF48-2C74-5DB6-4DD7310375C5}.Release|x64.ActiveCfg = Release|Any CPU
		{B6A7686F-FF48-2C74-5DB6-4DD7310375C5}.Release|x64.Build.0 = Release|Any CPU
		{B6A7686F-FF48-2C74-5DB6-4DD7310375C5}.Release|x86.ActiveCfg = Release|Any CPU
		{B6A7686F-FF48-2C74-5DB6-4DD7310375C5}.Release|x86.Build.0 = Release|Any CPU
		{89AA0FFB-4531-9626-1626-EDB8A9CF6811}.Debug|Any CPU.ActiveCfg = Debug|Any CPU
		{89AA0FFB-4531-9626-1626-EDB8A9CF6811}.Debug|Any CPU.Build.0 = Debug|Any CPU
		{89AA0FFB-4531-9626-1626-EDB8A9CF6811}.Debug|x64.ActiveCfg = Debug|Any CPU
		{89AA0FFB-4531-9626-1626-EDB8A9CF6811}.Debug|x64.Build.0 = Debug|Any CPU
		{89AA0FFB-4531-9626-1626-EDB8A9CF6811}.Debug|x86.ActiveCfg = Debug|Any CPU
		{89AA0FFB-4531-9626-1626-EDB8A9CF6811}.Debug|x86.Build.0 = Debug|Any CPU
		{89AA0FFB-4531-9626-1626-EDB8A9CF6811}.Release|Any CPU.ActiveCfg = Release|Any CPU
		{89AA0FFB-4531-9626-1626-EDB8A9CF6811}.Release|Any CPU.Build.0 = Release|Any CPU
		{89AA0FFB-4531-9626-1626-EDB8A9CF6811}.Release|x64.ActiveCfg = Release|Any CPU
		{89AA0FFB-4531-9626-1626-EDB8A9CF6811}.Release|x64.Build.0 = Release|Any CPU
		{89AA0FFB-4531-9626-1626-EDB8A9CF6811}.Release|x86.ActiveCfg = Release|Any CPU
		{89AA0FFB-4531-9626-1626-EDB8A9CF6811}.Release|x86.Build.0 = Release|Any CPU
		{443561E3-989F-9FB3-B0E9-ACE46C3F2C3A}.Debug|Any CPU.ActiveCfg = Debug|Any CPU
		{443561E3-989F-9FB3-B0E9-ACE46C3F2C3A}.Debug|Any CPU.Build.0 = Debug|Any CPU
		{443561E3-989F-9FB3-B0E9-ACE46C3F2C3A}.Debug|x64.ActiveCfg = Debug|Any CPU
		{443561E3-989F-9FB3-B0E9-ACE46C3F2C3A}.Debug|x64.Build.0 = Debug|Any CPU
		{443561E3-989F-9FB3-B0E9-ACE46C3F2C3A}.Debug|x86.ActiveCfg = Debug|Any CPU
		{443561E3-989F-9FB3-B0E9-ACE46C3F2C3A}.Debug|x86.Build.0 = Debug|Any CPU
		{443561E3-989F-9FB3-B0E9-ACE46C3F2C3A}.Release|Any CPU.ActiveCfg = Release|Any CPU
		{443561E3-989F-9FB3-B0E9-ACE46C3F2C3A}.Release|Any CPU.Build.0 = Release|Any CPU
		{443561E3-989F-9FB3-B0E9-ACE46C3F2C3A}.Release|x64.ActiveCfg = Release|Any CPU
		{443561E3-989F-9FB3-B0E9-ACE46C3F2C3A}.Release|x64.Build.0 = Release|Any CPU
		{443561E3-989F-9FB3-B0E9-ACE46C3F2C3A}.Release|x86.ActiveCfg = Release|Any CPU
		{443561E3-989F-9FB3-B0E9-ACE46C3F2C3A}.Release|x86.Build.0 = Release|Any CPU
		{2758279C-7C29-40F6-BFD5-95270F8B8414}.Debug|Any CPU.ActiveCfg = Debug|Any CPU
		{2758279C-7C29-40F6-BFD5-95270F8B8414}.Debug|Any CPU.Build.0 = Debug|Any CPU
		{2758279C-7C29-40F6-BFD5-95270F8B8414}.Debug|x64.ActiveCfg = Debug|Any CPU
		{2758279C-7C29-40F6-BFD5-95270F8B8414}.Debug|x64.Build.0 = Debug|Any CPU
		{2758279C-7C29-40F6-BFD5-95270F8B8414}.Debug|x86.ActiveCfg = Debug|Any CPU
		{2758279C-7C29-40F6-BFD5-95270F8B8414}.Debug|x86.Build.0 = Debug|Any CPU
		{2758279C-7C29-40F6-BFD5-95270F8B8414}.Release|Any CPU.ActiveCfg = Release|Any CPU
		{2758279C-7C29-40F6-BFD5-95270F8B8414}.Release|Any CPU.Build.0 = Release|Any CPU
		{2758279C-7C29-40F6-BFD5-95270F8B8414}.Release|x64.ActiveCfg = Release|Any CPU
		{2758279C-7C29-40F6-BFD5-95270F8B8414}.Release|x64.Build.0 = Release|Any CPU
		{2758279C-7C29-40F6-BFD5-95270F8B8414}.Release|x86.ActiveCfg = Release|Any CPU
		{2758279C-7C29-40F6-BFD5-95270F8B8414}.Release|x86.Build.0 = Release|Any CPU
		{444D0C3D-4CB5-46EE-B8D7-198A042B4CAA}.Debug|Any CPU.ActiveCfg = Debug|Any CPU
		{444D0C3D-4CB5-46EE-B8D7-198A042B4CAA}.Debug|Any CPU.Build.0 = Debug|Any CPU
		{444D0C3D-4CB5-46EE-B8D7-198A042B4CAA}.Debug|x64.ActiveCfg = Debug|Any CPU
		{444D0C3D-4CB5-46EE-B8D7-198A042B4CAA}.Debug|x64.Build.0 = Debug|Any CPU
		{444D0C3D-4CB5-46EE-B8D7-198A042B4CAA}.Debug|x86.ActiveCfg = Debug|Any CPU
		{444D0C3D-4CB5-46EE-B8D7-198A042B4CAA}.Debug|x86.Build.0 = Debug|Any CPU
		{444D0C3D-4CB5-46EE-B8D7-198A042B4CAA}.Release|Any CPU.ActiveCfg = Release|Any CPU
		{444D0C3D-4CB5-46EE-B8D7-198A042B4CAA}.Release|Any CPU.Build.0 = Release|Any CPU
		{444D0C3D-4CB5-46EE-B8D7-198A042B4CAA}.Release|x64.ActiveCfg = Release|Any CPU
		{444D0C3D-4CB5-46EE-B8D7-198A042B4CAA}.Release|x64.Build.0 = Release|Any CPU
		{444D0C3D-4CB5-46EE-B8D7-198A042B4CAA}.Release|x86.ActiveCfg = Release|Any CPU
		{444D0C3D-4CB5-46EE-B8D7-198A042B4CAA}.Release|x86.Build.0 = Release|Any CPU
		{2D4FC0A4-6337-468E-8A91-76124094ADBA}.Debug|Any CPU.ActiveCfg = Debug|Any CPU
		{2D4FC0A4-6337-468E-8A91-76124094ADBA}.Debug|Any CPU.Build.0 = Debug|Any CPU
		{2D4FC0A4-6337-468E-8A91-76124094ADBA}.Debug|x64.ActiveCfg = Debug|Any CPU
		{2D4FC0A4-6337-468E-8A91-76124094ADBA}.Debug|x64.Build.0 = Debug|Any CPU
		{2D4FC0A4-6337-468E-8A91-76124094ADBA}.Debug|x86.ActiveCfg = Debug|Any CPU
		{2D4FC0A4-6337-468E-8A91-76124094ADBA}.Debug|x86.Build.0 = Debug|Any CPU
		{2D4FC0A4-6337-468E-8A91-76124094ADBA}.Release|Any CPU.ActiveCfg = Release|Any CPU
		{2D4FC0A4-6337-468E-8A91-76124094ADBA}.Release|Any CPU.Build.0 = Release|Any CPU
		{2D4FC0A4-6337-468E-8A91-76124094ADBA}.Release|x64.ActiveCfg = Release|Any CPU
		{2D4FC0A4-6337-468E-8A91-76124094ADBA}.Release|x64.Build.0 = Release|Any CPU
		{2D4FC0A4-6337-468E-8A91-76124094ADBA}.Release|x86.ActiveCfg = Release|Any CPU
		{2D4FC0A4-6337-468E-8A91-76124094ADBA}.Release|x86.Build.0 = Release|Any CPU
		{8EABDBA3-FE1F-499D-81DA-B735952CDE40}.Debug|Any CPU.ActiveCfg = Debug|Any CPU
		{8EABDBA3-FE1F-499D-81DA-B735952CDE40}.Debug|Any CPU.Build.0 = Debug|Any CPU
		{8EABDBA3-FE1F-499D-81DA-B735952CDE40}.Debug|x64.ActiveCfg = Debug|Any CPU
		{8EABDBA3-FE1F-499D-81DA-B735952CDE40}.Debug|x64.Build.0 = Debug|Any CPU
		{8EABDBA3-FE1F-499D-81DA-B735952CDE40}.Debug|x86.ActiveCfg = Debug|Any CPU
		{8EABDBA3-FE1F-499D-81DA-B735952CDE40}.Debug|x86.Build.0 = Debug|Any CPU
		{8EABDBA3-FE1F-499D-81DA-B735952CDE40}.Release|Any CPU.ActiveCfg = Release|Any CPU
		{8EABDBA3-FE1F-499D-81DA-B735952CDE40}.Release|Any CPU.Build.0 = Release|Any CPU
		{8EABDBA3-FE1F-499D-81DA-B735952CDE40}.Release|x64.ActiveCfg = Release|Any CPU
		{8EABDBA3-FE1F-499D-81DA-B735952CDE40}.Release|x64.Build.0 = Release|Any CPU
		{8EABDBA3-FE1F-499D-81DA-B735952CDE40}.Release|x86.ActiveCfg = Release|Any CPU
		{8EABDBA3-FE1F-499D-81DA-B735952CDE40}.Release|x86.Build.0 = Release|Any CPU
	EndGlobalSection
	GlobalSection(SolutionProperties) = preSolution
		HideSolutionNode = FALSE
	EndGlobalSection
	GlobalSection(NestedProjects) = preSolution
		{7F492BF2-D7B2-472C-B524-7616994B4E80} = {B0C5D3AF-2107-4075-9B5F-82EDA15CA4E9}
		{E491F9AF-D830-45D4-83AE-5043DF1DECEF} = {B0C5D3AF-2107-4075-9B5F-82EDA15CA4E9}
		{8D230720-9BC9-4FCA-80DF-82E312FCDA5D} = {B0C5D3AF-2107-4075-9B5F-82EDA15CA4E9}
		{8CD355C9-E9D2-430C-A6D4-7E197077E029} = {E491F9AF-D830-45D4-83AE-5043DF1DECEF}
		{E822D091-79D5-4EED-AF28-8D0923B735D1} = {E491F9AF-D830-45D4-83AE-5043DF1DECEF}
		{4E47FD38-9963-4188-9701-5EF44D8FA4F2} = {E822D091-79D5-4EED-AF28-8D0923B735D1}
		{A9101183-8036-4868-A2CB-18A666B57910} = {E822D091-79D5-4EED-AF28-8D0923B735D1}
		{19A16BC2-FB50-4CD4-B846-6618ABE9801A} = {E491F9AF-D830-45D4-83AE-5043DF1DECEF}
		{CB51B6AE-DE11-44F8-A201-42B871626815} = {19A16BC2-FB50-4CD4-B846-6618ABE9801A}
		{0DC01334-8109-43DE-9EF6-7798BD7AE4E8} = {E822D091-79D5-4EED-AF28-8D0923B735D1}
		{FC44A61C-45DF-429B-82D3-13CBF013C6FF} = {E822D091-79D5-4EED-AF28-8D0923B735D1}
		{F51E3344-3A1A-45AA-9C0A-B76C9E324254} = {8D230720-9BC9-4FCA-80DF-82E312FCDA5D}
		{86593F5C-3937-4925-89FE-911965D55D4A} = {B0C5D3AF-2107-4075-9B5F-82EDA15CA4E9}
		{72F52692-5E37-4C36-A4A4-956B21D911F8} = {86593F5C-3937-4925-89FE-911965D55D4A}
		{3DA7AE66-5DB8-CB0C-7E88-589F01EE0F11} = {86593F5C-3937-4925-89FE-911965D55D4A}
		{2482DFF8-F2DA-4393-90C1-BB1D580FABC8} = {F51E3344-3A1A-45AA-9C0A-B76C9E324254}
		{5CBE4E48-9519-4717-8D1D-433EAD1DCAD3} = {F51E3344-3A1A-45AA-9C0A-B76C9E324254}
		{BDD90F3B-DF9D-067C-2F13-29C3F83A4210} = {2482DFF8-F2DA-4393-90C1-BB1D580FABC8}
		{67C82ACF-042C-49AC-B11C-C9C0A86F3484} = {8D230720-9BC9-4FCA-80DF-82E312FCDA5D}
		{4EF9EE98-8703-4F62-ADD4-93F2FBFD24BE} = {67C82ACF-042C-49AC-B11C-C9C0A86F3484}
		{C5A6AA8B-692B-4807-8F74-0C15660A5433} = {8D230720-9BC9-4FCA-80DF-82E312FCDA5D}
		{AEA7B9A7-F783-41B5-B804-DC571FA0114A} = {F51E3344-3A1A-45AA-9C0A-B76C9E324254}
		{EBC295C3-7D8B-47C9-8AAE-48B55E052028} = {AEA7B9A7-F783-41B5-B804-DC571FA0114A}
		{0ABE4160-767B-418A-8A18-28069DE8E716} = {8CD355C9-E9D2-430C-A6D4-7E197077E029}
		{4E90C238-F688-483E-18F1-E1CB2F01B811} = {0ABE4160-767B-418A-8A18-28069DE8E716}
		{6023DA34-52BF-AFE5-59C3-D4B098B3A9CB} = {0ABE4160-767B-418A-8A18-28069DE8E716}
		{FA967A45-A2AA-9E0D-3D82-A60E6774726D} = {7F492BF2-D7B2-472C-B524-7616994B4E80}
		{B6A7686F-FF48-2C74-5DB6-4DD7310375C5} = {4EF9EE98-8703-4F62-ADD4-93F2FBFD24BE}
		{89AA0FFB-4531-9626-1626-EDB8A9CF6811} = {5CBE4E48-9519-4717-8D1D-433EAD1DCAD3}
		{443561E3-989F-9FB3-B0E9-ACE46C3F2C3A} = {5CBE4E48-9519-4717-8D1D-433EAD1DCAD3}
		{2758279C-7C29-40F6-BFD5-95270F8B8414} = {C5A6AA8B-692B-4807-8F74-0C15660A5433}
		{1C70DEF5-4FCA-C293-0F5C-C66A8A9A5A1F} = {7F492BF2-D7B2-472C-B524-7616994B4E80}
		{444D0C3D-4CB5-46EE-B8D7-198A042B4CAA} = {1C70DEF5-4FCA-C293-0F5C-C66A8A9A5A1F}
		{2D4FC0A4-6337-468E-8A91-76124094ADBA} = {1C70DEF5-4FCA-C293-0F5C-C66A8A9A5A1F}
		{8EABDBA3-FE1F-499D-81DA-B735952CDE40} = {1C70DEF5-4FCA-C293-0F5C-C66A8A9A5A1F}
	EndGlobalSection
	GlobalSection(ExtensibilityGlobals) = postSolution
		SolutionGuid = {20D241C4-B1D8-4432-BB01-1F865D7402E4}
	EndGlobalSection
EndGlobal
